dependencies:
- name: auth-service
  repository: file://../auth-service
  version: 1.0.0
- name: alarm-service
  repository: file://../alarm-service
  version: 1.0.0
- name: inventory-service
  repository: file://../inventory-service
  version: 1.0.0
- name: kpi-aggregation-service
  repository: file://../kpi-aggregation-service
  version: 1.0.0
- name: kpi-query-service
  repository: file://../kpi-query-service
  version: 1.0.0
- name: diagnostics-service
  repository: file://../diagnostics-service
  version: 1.0.0
- name: report-service
  repository: file://../report-service
  version: 1.0.0
- name: config-management-service
  repository: file://../config-management-service
  version: 1.0.0
- name: topology-service
  repository: file://../topology-service
  version: 1.0.0
- name: notification-service
  repository: file://../notification-service
  version: 1.0.0
- name: audit-service
  repository: file://../audit-service
  version: 1.0.0
- name: event-collector
  repository: file://../event-collector
  version: 1.0.0
- name: kpi-collector
  repository: file://../kpi-collector
  version: 1.0.0
- name: discovery-service
  repository: file://../discovery-service
  version: 1.0.0
- name: api-gateway
  repository: file://../api-gateway
  version: 1.0.0
- name: health-monitor
  repository: file://../health-monitor
  version: 1.0.0
- name: frontend
  repository: file://../frontend
  version: 1.0.0
digest: sha256:4e8470e837fdcfa543d2dd2c32beb082a2f7a69523c902f4d2573cf3c29407a1
generated: "2026-09-17T11:19:06.303932-07:00"
